
Microsoft Visual Studio Solution File, Format Version 12.00
# Visual Studio 15
VisualStudioVersion = 15.0.28307.106
MinimumVisualStudioVersion = 10.0.40219.1
Project("{FAE04EC0-301F-11D3-BF4B-00C04F79EFBC}") = "NEMon", "NEMon\NEMon.csproj", "{4AE33859-03EF-456C-8147-E788AA485263}"
EndProject
Project("{FAE04EC0-301F-11D3-BF4B-00C04F79EFBC}") = "Objeto", "Objeto\Objeto.csproj", "{64B3DA50-D6FC-455B-9B30-BCFCC892842B}"
EndProject
Project("{FAE04EC0-301F-11D3-BF4B-00C04F79EFBC}") = "Data", "Data\Data.csproj", "{D3859C79-8BAB-44C4-B53A-3F7DE809A3D0}"
EndProject
Project("{FAE04EC0-301F-11D3-BF4B-00C04F79EFBC}") = "Banco", "Banco\Banco.csproj", "{05C44080-3B5B-4127-85D3-0C21A1B5E9FD}"
	ProjectSection(ProjectDependencies) = postProject
		{64B3DA50-D6FC-455B-9B30-BCFCC892842B} = {64B3DA50-D6FC-455B-9B30-BCFCC892842B}
		{D3859C79-8BAB-44C4-B53A-3F7DE809A3D0} = {D3859C79-8BAB-44C4-B53A-3F7DE809A3D0}
	EndProjectSection
EndProject
Project("{FAE04EC0-301F-11D3-BF4B-00C04F79EFBC}") = "Utils", "Utils\Utils.csproj", "{F1C9A6CB-F907-48CC-A078-B505216282AA}"
	ProjectSection(ProjectDependencies) = postProject
		{64B3DA50-D6FC-455B-9B30-BCFCC892842B} = {64B3DA50-D6FC-455B-9B30-BCFCC892842B}
	EndProjectSection
EndProject
Project("{FAE04EC0-301F-11D3-BF4B-00C04F79EFBC}") = "AlarmManagerServer", "AlarmManagerServer\AlarmManagerServer.csproj", "{05213C0C-501F-4EE6-A458-10D99B7F9002}"
	ProjectSection(ProjectDependencies) = postProject
		{64B3DA50-D6FC-455B-9B30-BCFCC892842B} = {64B3DA50-D6FC-455B-9B30-BCFCC892842B}
		{D3859C79-8BAB-44C4-B53A-3F7DE809A3D0} = {D3859C79-8BAB-44C4-B53A-3F7DE809A3D0}
		{05C44080-3B5B-4127-85D3-0C21A1B5E9FD} = {05C44080-3B5B-4127-85D3-0C21A1B5E9FD}
		{F1C9A6CB-F907-48CC-A078-B505216282AA} = {F1C9A6CB-F907-48CC-A078-B505216282AA}
	EndProjectSection
EndProject
Project("{FAE04EC0-301F-11D3-BF4B-00C04F79EFBC}") = "AlarmManager Client", "AlarmManager Client\AlarmManager Client.csproj", "{72592B0B-DDC2-4D26-8FA6-54393DF738D4}"
	ProjectSection(ProjectDependencies) = postProject
		{64B3DA50-D6FC-455B-9B30-BCFCC892842B} = {64B3DA50-D6FC-455B-9B30-BCFCC892842B}
		{D3859C79-8BAB-44C4-B53A-3F7DE809A3D0} = {D3859C79-8BAB-44C4-B53A-3F7DE809A3D0}
		{05C44080-3B5B-4127-85D3-0C21A1B5E9FD} = {05C44080-3B5B-4127-85D3-0C21A1B5E9FD}
		{F1C9A6CB-F907-48CC-A078-B505216282AA} = {F1C9A6CB-F907-48CC-A078-B505216282AA}
	EndProjectSection
EndProject
Global
	GlobalSection(SolutionConfigurationPlatforms) = preSolution
		Debug|Any CPU = Debug|Any CPU
		Release|Any CPU = Release|Any CPU
	EndGlobalSection
	GlobalSection(ProjectConfigurationPlatforms) = postSolution
		{4AE33859-03EF-456C-8147-E788AA485263}.Debug|Any CPU.ActiveCfg = Debug|Any CPU
		{4AE33859-03EF-456C-8147-E788AA485263}.Debug|Any CPU.Build.0 = Debug|Any CPU
		{4AE33859-03EF-456C-8147-E788AA485263}.Release|Any CPU.ActiveCfg = Release|Any CPU
		{4AE33859-03EF-456C-8147-E788AA485263}.Release|Any CPU.Build.0 = Release|Any CPU
		{64B3DA50-D6FC-455B-9B30-BCFCC892842B}.Debug|Any CPU.ActiveCfg = Debug|Any CPU
		{64B3DA50-D6FC-455B-9B30-BCFCC892842B}.Debug|Any CPU.Build.0 = Debug|Any CPU
		{64B3DA50-D6FC-455B-9B30-BCFCC892842B}.Release|Any CPU.ActiveCfg = Release|Any CPU
		{64B3DA50-D6FC-455B-9B30-BCFCC892842B}.Release|Any CPU.Build.0 = Release|Any CPU
		{D3859C79-8BAB-44C4-B53A-3F7DE809A3D0}.Debug|Any CPU.ActiveCfg = Debug|Any CPU
		{D3859C79-8BAB-44C4-B53A-3F7DE809A3D0}.Debug|Any CPU.Build.0 = Debug|Any CPU
		{D3859C79-8BAB-44C4-B53A-3F7DE809A3D0}.Release|Any CPU.ActiveCfg = Release|Any CPU
		{D3859C79-8BAB-44C4-B53A-3F7DE809A3D0}.Release|Any CPU.Build.0 = Release|Any CPU
		{05C44080-3B5B-4127-85D3-0C21A1B5E9FD}.Debug|Any CPU.ActiveCfg = Debug|Any CPU
		{05C44080-3B5B-4127-85D3-0C21A1B5E9FD}.Debug|Any CPU.Build.0 = Debug|Any CPU
		{05C44080-3B5B-4127-85D3-0C21A1B5E9FD}.Release|Any CPU.ActiveCfg = Release|Any CPU
		{05C44080-3B5B-4127-85D3-0C21A1B5E9FD}.Release|Any CPU.Build.0 = Release|Any CPU
		{F1C9A6CB-F907-48CC-A078-B505216282AA}.Debug|Any CPU.ActiveCfg = Debug|Any CPU
		{F1C9A6CB-F907-48CC-A078-B505216282AA}.Debug|Any CPU.Build.0 = Debug|Any CPU
		{F1C9A6CB-F907-48CC-A078-B505216282AA}.Release|Any CPU.ActiveCfg = Release|Any CPU
		{F1C9A6CB-F907-48CC-A078-B505216282AA}.Release|Any CPU.Build.0 = Release|Any CPU
		{05213C0C-501F-4EE6-A458-10D99B7F9002}.Debug|Any CPU.ActiveCfg = Debug|Any CPU
		{05213C0C-501F-4EE6-A458-10D99B7F9002}.Debug|Any CPU.Build.0 = Debug|Any CPU
		{05213C0C-501F-4EE6-A458-10D99B7F9002}.Release|Any CPU.ActiveCfg = Release|Any CPU
		{05213C0C-501F-4EE6-A458-10D99B7F9002}.Release|Any CPU.Build.0 = Release|Any CPU
		{72592B0B-DDC2-4D26-8FA6-54393DF738D4}.Debug|Any CPU.ActiveCfg = Debug|Any CPU
		{72592B0B-DDC2-4D26-8FA6-54393DF738D4}.Debug|Any CPU.Build.0 = Debug|Any CPU
		{72592B0B-DDC2-4D26-8FA6-54393DF738D4}.Release|Any CPU.ActiveCfg = Release|Any CPU
		{72592B0B-DDC2-4D26-8FA6-54393DF738D4}.Release|Any CPU.Build.0 = Release|Any CPU
	EndGlobalSection
	GlobalSection(SolutionProperties) = preSolution
		HideSolutionNode = FALSE
	EndGlobalSection
	GlobalSection(ExtensibilityGlobals) = postSolution
		SolutionGuid = {427B0260-7C7E-4216-9AA8-62A48688E9E9}
	EndGlobalSection
EndGlobal
